
Microsoft Visual Studio Solution File, Format Version 12.00
# Visual Studio Version 17
VisualStudioVersion = 17.0.31903.59
MinimumVisualStudioVersion = 10.0.40219.1
Project("{2150E333-8FDC-42A3-9474-1A3956D46DE8}") = "Tests", "Tests", "{999904EE-30CD-4F0B-AB8A-A4B2DABD0207}"
EndProject
Project("{FAE04EC0-301F-11D3-BF4B-00C04F79EFBC}") = "UnitTests", "UnitTests\UnitTests.csproj", "{AC123BBC-C24D-45DF-A6E0-ACDA084AAE09}"
EndProject
Global
	GlobalSection(SolutionConfigurationPlatforms) = preSolution
		Debug|Any CPU = Debug|Any CPU
		Release|Any CPU = Release|Any CPU
	EndGlobalSection
	GlobalSection(ProjectConfigurationPlatforms) = postSolution
		{AC123BBC-C24D-45DF-A6E0-ACDA084AAE09}.Debug|Any CPU.ActiveCfg = Debug|Any CPU
		{AC123BBC-C24D-45DF-A6E0-ACDA084AAE09}.Debug|Any CPU.Build.0 = Debug|Any CPU
		{AC123BBC-C24D-45DF-A6E0-ACDA084AAE09}.Release|Any CPU.ActiveCfg = Release|Any CPU
		{AC123BBC-C24D-45DF-A6E0-ACDA084AAE09}.Release|Any CPU.Build.0 = Release|Any CPU
	EndGlobalSection
	GlobalSection(SolutionProperties) = preSolution
		HideSolutionNode = FALSE
	EndGlobalSection
	GlobalSection(NestedProjects) = preSolution
		{AC123BBC-C24D-45DF-A6E0-ACDA084AAE09} = {999904EE-30CD-4F0B-AB8A-A4B2DABD0207}
	EndGlobalSection
	GlobalSection(ExtensibilityGlobals) = postSolution
		SolutionGuid = {711402B6-24CD-43AC-9D6B-F015050E8106}
	EndGlobalSection
EndGlobal
